
Microsoft Visual Studio Solution File, Format Version 12.00
# Visual Studio Version 17
VisualStudioVersion = 17.9.34902.65
MinimumVisualStudioVersion = 10.0.40219.1
Project("{9A19103F-16F7-4668-BE54-9A1E7A4F7556}") = "Entidades", "Entidades\Entidades.csproj", "{8C64B094-C1D2-468E-9BE7-5AEC6D3A3DD6}"
EndProject
Project("{9A19103F-16F7-4668-BE54-9A1E7A4F7556}") = "Data", "Data\Data.csproj", "{1EE8D8F2-BD09-43A4-BAA4-ACE536B21590}"
EndProject
Project("{9A19103F-16F7-4668-BE54-9A1E7A4F7556}") = "Presentacion", "Presentacion\Presentacion.csproj", "{2972836A-67E3-4A32-AADD-1376DA3766BB}"
EndProject
Project("{9A19103F-16F7-4668-BE54-9A1E7A4F7556}") = "WebApi", "WebApi\WebApi.csproj", "{5B950EC8-F313-4B47-8726-C46999514804}"
EndProject
Project("{9A19103F-16F7-4668-BE54-9A1E7A4F7556}") = "Negocio", "Negocio\Negocio.csproj", "{DD92A7D2-2BDA-4A5D-A976-B60C1DDCA400}"
EndProject
Project("{9A19103F-16F7-4668-BE54-9A1E7A4F7556}") = "Web", "Web\Web.csproj", "{88D35A3F-BE7E-4364-911B-C183317687FF}"
EndProject
Project("{FAE04EC0-301F-11D3-BF4B-00C04F79EFBC}") = "ApiClients", "ApiClients\ApiClients.csproj", "{A10120DF-725D-46CE-BB21-39E4619B63BB}"
EndProject
Global
	GlobalSection(SolutionConfigurationPlatforms) = preSolution
		Debug|Any CPU = Debug|Any CPU
		Release|Any CPU = Release|Any CPU
	EndGlobalSection
	GlobalSection(ProjectConfigurationPlatforms) = postSolution
		{8C64B094-C1D2-468E-9BE7-5AEC6D3A3DD6}.Debug|Any CPU.ActiveCfg = Debug|Any CPU
		{8C64B094-C1D2-468E-9BE7-5AEC6D3A3DD6}.Debug|Any CPU.Build.0 = Debug|Any CPU
		{8C64B094-C1D2-468E-9BE7-5AEC6D3A3DD6}.Release|Any CPU.ActiveCfg = Release|Any CPU
		{8C64B094-C1D2-468E-9BE7-5AEC6D3A3DD6}.Release|Any CPU.Build.0 = Release|Any CPU
		{1EE8D8F2-BD09-43A4-BAA4-ACE536B21590}.Debug|Any CPU.ActiveCfg = Debug|Any CPU
		{1EE8D8F2-BD09-43A4-BAA4-ACE536B21590}.Debug|Any CPU.Build.0 = Debug|Any CPU
		{1EE8D8F2-BD09-43A4-BAA4-ACE536B21590}.Release|Any CPU.ActiveCfg = Release|Any CPU
		{1EE8D8F2-BD09-43A4-BAA4-ACE536B21590}.Release|Any CPU.Build.0 = Release|Any CPU
		{2972836A-67E3-4A32-AADD-1376DA3766BB}.Debug|Any CPU.ActiveCfg = Debug|Any CPU
		{2972836A-67E3-4A32-AADD-1376DA3766BB}.Debug|Any CPU.Build.0 = Debug|Any CPU
		{2972836A-67E3-4A32-AADD-1376DA3766BB}.Release|Any CPU.ActiveCfg = Release|Any CPU
		{2972836A-67E3-4A32-AADD-1376DA3766BB}.Release|Any CPU.Build.0 = Release|Any CPU
		{5B950EC8-F313-4B47-8726-C46999514804}.Debug|Any CPU.ActiveCfg = Debug|Any CPU
		{5B950EC8-F313-4B47-8726-C46999514804}.Debug|Any CPU.Build.0 = Debug|Any CPU
		{5B950EC8-F313-4B47-8726-C46999514804}.Release|Any CPU.ActiveCfg = Release|Any CPU
		{5B950EC8-F313-4B47-8726-C46999514804}.Release|Any CPU.Build.0 = Release|Any CPU
		{DD92A7D2-2BDA-4A5D-A976-B60C1DDCA400}.Debug|Any CPU.ActiveCfg = Debug|Any CPU
		{DD92A7D2-2BDA-4A5D-A976-B60C1DDCA400}.Debug|Any CPU.Build.0 = Debug|Any CPU
		{DD92A7D2-2BDA-4A5D-A976-B60C1DDCA400}.Release|Any CPU.ActiveCfg = Release|Any CPU
		{DD92A7D2-2BDA-4A5D-A976-B60C1DDCA400}.Release|Any CPU.Build.0 = Release|Any CPU
		{88D35A3F-BE7E-4364-911B-C183317687FF}.Debug|Any CPU.ActiveCfg = Debug|Any CPU
		{88D35A3F-BE7E-4364-911B-C183317687FF}.Debug|Any CPU.Build.0 = Debug|Any CPU
		{88D35A3F-BE7E-4364-911B-C183317687FF}.Release|Any CPU.ActiveCfg = Release|Any CPU
		{88D35A3F-BE7E-4364-911B-C183317687FF}.Release|Any CPU.Build.0 = Release|Any CPU
		{A10120DF-725D-46CE-BB21-39E4619B63BB}.Debug|Any CPU.ActiveCfg = Debug|Any CPU
		{A10120DF-725D-46CE-BB21-39E4619B63BB}.Debug|Any CPU.Build.0 = Debug|Any CPU
		{A10120DF-725D-46CE-BB21-39E4619B63BB}.Release|Any CPU.ActiveCfg = Release|Any CPU
		{A10120DF-725D-46CE-BB21-39E4619B63BB}.Release|Any CPU.Build.0 = Release|Any CPU
	EndGlobalSection
	GlobalSection(SolutionProperties) = preSolution
		HideSolutionNode = FALSE
	EndGlobalSection
	GlobalSection(ExtensibilityGlobals) = postSolution
		SolutionGuid = {8D4FE4C1-EA0E-4C61-AE22-B4074AFC6491}
	EndGlobalSection
EndGlobal
